
Microsoft Visual Studio Solution File, Format Version 12.00
# Visual Studio Version 16
VisualStudioVersion = 16.0.31321.278
MinimumVisualStudioVersion = 10.0.40219.1
Project("{888888A0-9F3D-457C-B088-3A5042F75D52}") = "faceFit", "faceFit.pyproj", "{353620D6-FB50-4725-8C51-932D77CE0779}"
EndProject
Global
	GlobalSection(SolutionConfigurationPlatforms) = preSolution
		Debug|Any CPU = Debug|Any CPU
		Release|Any CPU = Release|Any CPU
	EndGlobalSection
	GlobalSection(ProjectConfigurationPlatforms) = postSolution
		{353620D6-FB50-4725-8C51-932D77CE0779}.Debug|Any CPU.ActiveCfg = Debug|Any CPU
		{353620D6-FB50-4725-8C51-932D77CE0779}.Release|Any CPU.ActiveCfg = Release|Any CPU
	EndGlobalSection
	GlobalSection(SolutionProperties) = preSolution
		HideSolutionNode = FALSE
	EndGlobalSection
	GlobalSection(ExtensibilityGlobals) = postSolution
		SolutionGuid = {8A543F4D-A5A2-4CA0-BA4A-2151DC5F47E7}
	EndGlobalSection
EndGlobal
